// !$*UTF8*$!
{
	archiveVersion = 1;
	classes = {
	};
	objectVersion = 50;
	objects = {

/* Begin PBXBuildFile section */
		34C402AD861C2C80A729AF64 /* Pods_NewsKit_iOS_App.framework in Frameworks */ = {isa = PBXBuildFile; fileRef = CF1B83970B135F585AE92F03 /* Pods_NewsKit_iOS_App.framework */; };
		6A253E632337D0C3001E109C /* News.swift in Sources */ = {isa = PBXBuildFile; fileRef = 6A253E622337D0C3001E109C /* News.swift */; };
		6A253E652337D10A001E109C /* Article.swift in Sources */ = {isa = PBXBuildFile; fileRef = 6A253E642337D10A001E109C /* Article.swift */; };
		6AFEDE4523351EE5001998BB /* NewsWebsites.storyboard in Resources */ = {isa = PBXBuildFile; fileRef = 6AFEDE4423351EE5001998BB /* NewsWebsites.storyboard */; };
		6AFEDE4723351F00001998BB /* NewsWebsitesViewController.swift in Sources */ = {isa = PBXBuildFile; fileRef = 6AFEDE4623351F00001998BB /* NewsWebsitesViewController.swift */; };
		7CB629AB2335065700C64618 /* AppDelegate.swift in Sources */ = {isa = PBXBuildFile; fileRef = 7CB629AA2335065700C64618 /* AppDelegate.swift */; };
		7CB629AD2335065700C64618 /* HomeViewController.swift in Sources */ = {isa = PBXBuildFile; fileRef = 7CB629AC2335065700C64618 /* HomeViewController.swift */; };
		7CB629B02335065700C64618 /* Home.storyboard in Resources */ = {isa = PBXBuildFile; fileRef = 7CB629AE2335065700C64618 /* Home.storyboard */; };
		7CB629B22335065900C64618 /* Assets.xcassets in Resources */ = {isa = PBXBuildFile; fileRef = 7CB629B12335065900C64618 /* Assets.xcassets */; };
		7CB629B52335065900C64618 /* LaunchScreen.storyboard in Resources */ = {isa = PBXBuildFile; fileRef = 7CB629B32335065900C64618 /* LaunchScreen.storyboard */; };
		7CB629D12337FD4700C64618 /* Article.storyboard in Resources */ = {isa = PBXBuildFile; fileRef = 7CB629D02337FD4700C64618 /* Article.storyboard */; };
		7CB629D32337FD5C00C64618 /* ArticleViewController.swift in Sources */ = {isa = PBXBuildFile; fileRef = 7CB629D22337FD5C00C64618 /* ArticleViewController.swift */; };
		7CE5F9892339ED9E001E03B0 /* ImageView.swift in Sources */ = {isa = PBXBuildFile; fileRef = 7CE5F9882339ED9E001E03B0 /* ImageView.swift */; };
/* End PBXBuildFile section */

/* Begin PBXFileReference section */
		1485F1A53075B9072D5B568A /* Pods-NewsKit-iOS-App.release.xcconfig */ = {isa = PBXFileReference; includeInIndex = 1; lastKnownFileType = text.xcconfig; name = "Pods-NewsKit-iOS-App.release.xcconfig"; path = "Pods/Target Support Files/Pods-NewsKit-iOS-App/Pods-NewsKit-iOS-App.release.xcconfig"; sourceTree = "<group>"; };
		6A253E622337D0C3001E109C /* News.swift */ = {isa = PBXFileReference; lastKnownFileType = sourcecode.swift; path = News.swift; sourceTree = "<group>"; };
		6A253E642337D10A001E109C /* Article.swift */ = {isa = PBXFileReference; lastKnownFileType = sourcecode.swift; path = Article.swift; sourceTree = "<group>"; };
		6AFEDE4423351EE5001998BB /* NewsWebsites.storyboard */ = {isa = PBXFileReference; lastKnownFileType = file.storyboard; path = NewsWebsites.storyboard; sourceTree = "<group>"; };
		6AFEDE4623351F00001998BB /* NewsWebsitesViewController.swift */ = {isa = PBXFileReference; lastKnownFileType = sourcecode.swift; path = NewsWebsitesViewController.swift; sourceTree = "<group>"; };
		7CB629A72335065700C64618 /* NewsKit-iOS-App.app */ = {isa = PBXFileReference; explicitFileType = wrapper.application; includeInIndex = 0; path = "NewsKit-iOS-App.app"; sourceTree = BUILT_PRODUCTS_DIR; };
		7CB629AA2335065700C64618 /* AppDelegate.swift */ = {isa = PBXFileReference; lastKnownFileType = sourcecode.swift; path = AppDelegate.swift; sourceTree = "<group>"; };
		7CB629AC2335065700C64618 /* HomeViewController.swift */ = {isa = PBXFileReference; lastKnownFileType = sourcecode.swift; path = HomeViewController.swift; sourceTree = "<group>"; };
		7CB629AF2335065700C64618 /* Base */ = {isa = PBXFileReference; lastKnownFileType = file.storyboard; name = Base; path = Base.lproj/Home.storyboard; sourceTree = "<group>"; };
		7CB629B12335065900C64618 /* Assets.xcassets */ = {isa = PBXFileReference; lastKnownFileType = folder.assetcatalog; path = Assets.xcassets; sourceTree = "<group>"; };
		7CB629B42335065900C64618 /* Base */ = {isa = PBXFileReference; lastKnownFileType = file.storyboard; name = Base; path = Base.lproj/LaunchScreen.storyboard; sourceTree = "<group>"; };
		7CB629B62335065900C64618 /* Info.plist */ = {isa = PBXFileReference; lastKnownFileType = text.plist.xml; path = Info.plist; sourceTree = "<group>"; };
		7CB629D02337FD4700C64618 /* Article.storyboard */ = {isa = PBXFileReference; lastKnownFileType = file.storyboard; path = Article.storyboard; sourceTree = "<group>"; };
		7CB629D22337FD5C00C64618 /* ArticleViewController.swift */ = {isa = PBXFileReference; lastKnownFileType = sourcecode.swift; path = ArticleViewController.swift; sourceTree = "<group>"; };
		7CE5F9882339ED9E001E03B0 /* ImageView.swift */ = {isa = PBXFileReference; lastKnownFileType = sourcecode.swift; path = ImageView.swift; sourceTree = "<group>"; };
		A1F211BA4756641479D10FB0 /* Pods-NewsKit-iOS-App.debug.xcconfig */ = {isa = PBXFileReference; includeInIndex = 1; lastKnownFileType = text.xcconfig; name = "Pods-NewsKit-iOS-App.debug.xcconfig"; path = "Pods/Target Support Files/Pods-NewsKit-iOS-App/Pods-NewsKit-iOS-App.debug.xcconfig"; sourceTree = "<group>"; };
		CF1B83970B135F585AE92F03 /* Pods_NewsKit_iOS_App.framework */ = {isa = PBXFileReference; explicitFileType = wrapper.framework; includeInIndex = 0; path = Pods_NewsKit_iOS_App.framework; sourceTree = BUILT_PRODUCTS_DIR; };
/* End PBXFileReference section */

/* Begin PBXFrameworksBuildPhase section */
		7CB629A42335065700C64618 /* Frameworks */ = {
			isa = PBXFrameworksBuildPhase;
			buildActionMask = 2147483647;
			files = (
				34C402AD861C2C80A729AF64 /* Pods_NewsKit_iOS_App.framework in Frameworks */,
			);
			runOnlyForDeploymentPostprocessing = 0;
		};
/* End PBXFrameworksBuildPhase section */

/* Begin PBXGroup section */
		2FC1C5BA4C6F52A237C0BF90 /* Frameworks */ = {
			isa = PBXGroup;
			children = (
				CF1B83970B135F585AE92F03 /* Pods_NewsKit_iOS_App.framework */,
			);
			name = Frameworks;
			sourceTree = "<group>";
		};
		6A253E612337CF99001E109C /* Network */ = {
			isa = PBXGroup;
			children = (
				6A253E622337D0C3001E109C /* News.swift */,
				6A253E642337D10A001E109C /* Article.swift */,
			);
			path = Network;
			sourceTree = "<group>";
		};
		6AFEDE4323351EAE001998BB /* NewsWebsites */ = {
			isa = PBXGroup;
			children = (
				6AFEDE4423351EE5001998BB /* NewsWebsites.storyboard */,
				6AFEDE4623351F00001998BB /* NewsWebsitesViewController.swift */,
			);
			path = NewsWebsites;
			sourceTree = "<group>";
		};
		7CB6299E2335065700C64618 = {
			isa = PBXGroup;
			children = (
				7CB629A92335065700C64618 /* Source */,
				7CB629A82335065700C64618 /* Products */,
				C81F9DB3BEE2785EA7B373F6 /* Pods */,
				2FC1C5BA4C6F52A237C0BF90 /* Frameworks */,
			);
			sourceTree = "<group>";
		};
		7CB629A82335065700C64618 /* Products */ = {
			isa = PBXGroup;
			children = (
				7CB629A72335065700C64618 /* NewsKit-iOS-App.app */,
			);
			name = Products;
			sourceTree = "<group>";
		};
		7CB629A92335065700C64618 /* Source */ = {
			isa = PBXGroup;
			children = (
				7CE5F9872339ED84001E03B0 /* Extensions */,
				7CB629CF2337F93F00C64618 /* ArticleView */,
				6A253E612337CF99001E109C /* Network */,
				6AFEDE4323351EAE001998BB /* NewsWebsites */,
				7CB629C1233508E500C64618 /* Home */,
				7CB629C0233508D800C64618 /* Models */,
				7CB629BF233508C400C64618 /* Resources */,
				7CB629BE2335089A00C64618 /* Supporting Files */,
				7CB629BD2335088200C64618 /* Startup */,
			);
			path = Source;
			sourceTree = "<group>";
		};
		7CB629BD2335088200C64618 /* Startup */ = {
			isa = PBXGroup;
			children = (
				7CB629AA2335065700C64618 /* AppDelegate.swift */,
			);
			path = Startup;
			sourceTree = "<group>";
		};
		7CB629BE2335089A00C64618 /* Supporting Files */ = {
			isa = PBXGroup;
			children = (
				7CB629B32335065900C64618 /* LaunchScreen.storyboard */,
				7CB629B62335065900C64618 /* Info.plist */,
			);
			path = "Supporting Files";
			sourceTree = "<group>";
		};
		7CB629BF233508C400C64618 /* Resources */ = {
			isa = PBXGroup;
			children = (
				7CB629B12335065900C64618 /* Assets.xcassets */,
			);
			path = Resources;
			sourceTree = "<group>";
		};
		7CB629C0233508D800C64618 /* Models */ = {
			isa = PBXGroup;
			children = (
			);
			path = Models;
			sourceTree = "<group>";
		};
		7CB629C1233508E500C64618 /* Home */ = {
			isa = PBXGroup;
			children = (
				7CB629AE2335065700C64618 /* Home.storyboard */,
				7CB629AC2335065700C64618 /* HomeViewController.swift */,
			);
			path = Home;
			sourceTree = "<group>";
		};
		7CB629CF2337F93F00C64618 /* ArticleView */ = {
			isa = PBXGroup;
			children = (
				7CB629D02337FD4700C64618 /* Article.storyboard */,
				7CB629D22337FD5C00C64618 /* ArticleViewController.swift */,
			);
			path = ArticleView;
			sourceTree = "<group>";
		};
		7CE5F9872339ED84001E03B0 /* Extensions */ = {
			isa = PBXGroup;
			children = (
				7CE5F9882339ED9E001E03B0 /* ImageView.swift */,
			);
			path = Extensions;
			sourceTree = "<group>";
		};
		C81F9DB3BEE2785EA7B373F6 /* Pods */ = {
			isa = PBXGroup;
			children = (
				A1F211BA4756641479D10FB0 /* Pods-NewsKit-iOS-App.debug.xcconfig */,
				1485F1A53075B9072D5B568A /* Pods-NewsKit-iOS-App.release.xcconfig */,
			);
			name = Pods;
			sourceTree = "<group>";
		};
/* End PBXGroup section */

/* Begin PBXNativeTarget section */
		7CB629A62335065700C64618 /* NewsKit-iOS-App */ = {
			isa = PBXNativeTarget;
			buildConfigurationList = 7CB629B92335065900C64618 /* Build configuration list for PBXNativeTarget "NewsKit-iOS-App" */;
			buildPhases = (
				7CB629BC2335082C00C64618 /* ShellScript */,
				3AB0B9F079D7BC0238A93B8A /* [CP] Check Pods Manifest.lock */,
				7CB629A32335065700C64618 /* Sources */,
				7CB629A42335065700C64618 /* Frameworks */,
				7CB629A52335065700C64618 /* Resources */,
			);
			buildRules = (
			);
			dependencies = (
			);
			name = "NewsKit-iOS-App";
			productName = "NewsKit-iOS-App";
			productReference = 7CB629A72335065700C64618 /* NewsKit-iOS-App.app */;
			productType = "com.apple.product-type.application";
		};
/* End PBXNativeTarget section */

/* Begin PBXProject section */
		7CB6299F2335065700C64618 /* Project object */ = {
			isa = PBXProject;
			attributes = {
				LastSwiftUpdateCheck = 1020;
				LastUpgradeCheck = 1020;
				ORGANIZATIONNAME = OlehTyzhai;
				TargetAttributes = {
					7CB629A62335065700C64618 = {
						CreatedOnToolsVersion = 10.2.1;
					};
				};
			};
			buildConfigurationList = 7CB629A22335065700C64618 /* Build configuration list for PBXProject "NewsKit-iOS-App" */;
			compatibilityVersion = "Xcode 9.3";
			developmentRegion = en;
			hasScannedForEncodings = 0;
			knownRegions = (
				en,
				Base,
			);
			mainGroup = 7CB6299E2335065700C64618;
			productRefGroup = 7CB629A82335065700C64618 /* Products */;
			projectDirPath = "";
			projectRoot = "";
			targets = (
				7CB629A62335065700C64618 /* NewsKit-iOS-App */,
			);
		};
/* End PBXProject section */

/* Begin PBXResourcesBuildPhase section */
		7CB629A52335065700C64618 /* Resources */ = {
			isa = PBXResourcesBuildPhase;
			buildActionMask = 2147483647;
			files = (
				7CB629B52335065900C64618 /* LaunchScreen.storyboard in Resources */,
				6AFEDE4523351EE5001998BB /* NewsWebsites.storyboard in Resources */,
				7CB629B22335065900C64618 /* Assets.xcassets in Resources */,
				7CB629D12337FD4700C64618 /* Article.storyboard in Resources */,
				7CB629B02335065700C64618 /* Home.storyboard in Resources */,
			);
			runOnlyForDeploymentPostprocessing = 0;
		};
/* End PBXResourcesBuildPhase section */

/* Begin PBXShellScriptBuildPhase section */
		3AB0B9F079D7BC0238A93B8A /* [CP] Check Pods Manifest.lock */ = {
			isa = PBXShellScriptBuildPhase;
			buildActionMask = 2147483647;
			files = (
			);
			inputPaths = (
				"${PODS_PODFILE_DIR_PATH}/Podfile.lock",
				"${PODS_ROOT}/Manifest.lock",
			);
			name = "[CP] Check Pods Manifest.lock";
			outputPaths = (
				"$(DERIVED_FILE_DIR)/Pods-NewsKit-iOS-App-checkManifestLockResult.txt",
			);
			runOnlyForDeploymentPostprocessing = 0;
			shellPath = /bin/sh;
			shellScript = "diff \"${PODS_PODFILE_DIR_PATH}/Podfile.lock\" \"${PODS_ROOT}/Manifest.lock\" > /dev/null\nif [ $? != 0 ] ; then\n    # print error to STDERR\n    echo \"error: The sandbox is not in sync with the Podfile.lock. Run 'pod install' or update your CocoaPods installation.\" >&2\n    exit 1\nfi\n# This output is used by Xcode 'outputs' to avoid re-running this script phase.\necho \"SUCCESS\" > \"${SCRIPT_OUTPUT_FILE_0}\"\n";
			showEnvVarsInLog = 0;
		};
		7CB629BC2335082C00C64618 /* ShellScript */ = {
			isa = PBXShellScriptBuildPhase;
			buildActionMask = 2147483647;
			files = (
			);
			inputFileListPaths = (
			);
			inputPaths = (
			);
			outputFileListPaths = (
			);
			outputPaths = (
			);
			runOnlyForDeploymentPostprocessing = 0;
			shellPath = /bin/sh;
			shellScript = "# Type a script or drag a script file from your workspace to insert its path.\n\"${PODS_ROOT}/SwiftLint/swiftlint\"\n";
		};
/* End PBXShellScriptBuildPhase section */

/* Begin PBXSourcesBuildPhase section */
		7CB629A32335065700C64618 /* Sources */ = {
			isa = PBXSourcesBuildPhase;
			buildActionMask = 2147483647;
			files = (
				7CB629AD2335065700C64618 /* HomeViewController.swift in Sources */,
				7CB629D32337FD5C00C64618 /* ArticleViewController.swift in Sources */,
				7CB629AB2335065700C64618 /* AppDelegate.swift in Sources */,
				6A253E632337D0C3001E109C /* News.swift in Sources */,
				6AFEDE4723351F00001998BB /* NewsWebsitesViewController.swift in Sources */,
				7CE5F9892339ED9E001E03B0 /* ImageView.swift in Sources */,
				6A253E652337D10A001E109C /* Article.swift in Sources */,
			);
			runOnlyForDeploymentPostprocessing = 0;
		};
/* End PBXSourcesBuildPhase section */

/* Begin PBXVariantGroup section */
		7CB629AE2335065700C64618 /* Home.storyboard */ = {
			isa = PBXVariantGroup;
			children = (
				7CB629AF2335065700C64618 /* Base */,
			);
			name = Home.storyboard;
			sourceTree = "<group>";
		};
		7CB629B32335065900C64618 /* LaunchScreen.storyboard */ = {
			isa = PBXVariantGroup;
			children = (
				7CB629B42335065900C64618 /* Base */,
			);
			name = LaunchScreen.storyboard;
			sourceTree = "<group>";
		};
/* End PBXVariantGroup section */

/* Begin XCBuildConfiguration section */
		7CB629B72335065900C64618 /* Debug */ = {
			isa = XCBuildConfiguration;
			buildSettings = {
				ALWAYS_SEARCH_USER_PATHS = NO;
				CLANG_ANALYZER_NONNULL = YES;
				CLANG_ANALYZER_NUMBER_OBJECT_CONVERSION = YES_AGGRESSIVE;
				CLANG_CXX_LANGUAGE_STANDARD = "gnu++14";
				CLANG_CXX_LIBRARY = "libc++";
				CLANG_ENABLE_MODULES = YES;
				CLANG_ENABLE_OBJC_ARC = YES;
				CLANG_ENABLE_OBJC_WEAK = YES;
				CLANG_WARN_BLOCK_CAPTURE_AUTORELEASING = YES;
				CLANG_WARN_BOOL_CONVERSION = YES;
				CLANG_WARN_COMMA = YES;
				CLANG_WARN_CONSTANT_CONVERSION = YES;
				CLANG_WARN_DEPRECATED_OBJC_IMPLEMENTATIONS = YES;
				CLANG_WARN_DIRECT_OBJC_ISA_USAGE = YES_ERROR;
				CLANG_WARN_DOCUMENTATION_COMMENTS = YES;
				CLANG_WARN_EMPTY_BODY = YES;
				CLANG_WARN_ENUM_CONVERSION = YES;
				CLANG_WARN_INFINITE_RECURSION = YES;
				CLANG_WARN_INT_CONVERSION = YES;
				CLANG_WARN_NON_LITERAL_NULL_CONVERSION = YES;
				CLANG_WARN_OBJC_IMPLICIT_RETAIN_SELF = YES;
				CLANG_WARN_OBJC_LITERAL_CONVERSION = YES;
				CLANG_WARN_OBJC_ROOT_CLASS = YES_ERROR;
				CLANG_WARN_RANGE_LOOP_ANALYSIS = YES;
				CLANG_WARN_STRICT_PROTOTYPES = YES;
				CLANG_WARN_SUSPICIOUS_MOVE = YES;
				CLANG_WARN_UNGUARDED_AVAILABILITY = YES_AGGRESSIVE;
				CLANG_WARN_UNREACHABLE_CODE = YES;
				CLANG_WARN__DUPLICATE_METHOD_MATCH = YES;
				CODE_SIGN_IDENTITY = "iPhone Developer";
				COPY_PHASE_STRIP = NO;
				DEBUG_INFORMATION_FORMAT = dwarf;
				ENABLE_STRICT_OBJC_MSGSEND = YES;
				ENABLE_TESTABILITY = YES;
				GCC_C_LANGUAGE_STANDARD = gnu11;
				GCC_DYNAMIC_NO_PIC = NO;
				GCC_NO_COMMON_BLOCKS = YES;
				GCC_OPTIMIZATION_LEVEL = 0;
				GCC_PREPROCESSOR_DEFINITIONS = (
					"DEBUG=1",
					"$(inherited)",
				);
				GCC_WARN_64_TO_32_BIT_CONVERSION = YES;
				GCC_WARN_ABOUT_RETURN_TYPE = YES_ERROR;
				GCC_WARN_UNDECLARED_SELECTOR = YES;
				GCC_WARN_UNINITIALIZED_AUTOS = YES_AGGRESSIVE;
				GCC_WARN_UNUSED_FUNCTION = YES;
				GCC_WARN_UNUSED_VARIABLE = YES;
				IPHONEOS_DEPLOYMENT_TARGET = 12.2;
				MTL_ENABLE_DEBUG_INFO = INCLUDE_SOURCE;
				MTL_FAST_MATH = YES;
				ONLY_ACTIVE_ARCH = YES;
				SDKROOT = iphoneos;
				SWIFT_ACTIVE_COMPILATION_CONDITIONS = DEBUG;
				SWIFT_OPTIMIZATION_LEVEL = "-Onone";
			};
			name = Debug;
		};
		7CB629B82335065900C64618 /* Release */ = {
			isa = XCBuildConfiguration;
			buildSettings = {
				ALWAYS_SEARCH_USER_PATHS = NO;
				CLANG_ANALYZER_NONNULL = YES;
				CLANG_ANALYZER_NUMBER_OBJECT_CONVERSION = YES_AGGRESSIVE;
				CLANG_CXX_LANGUAGE_STANDARD = "gnu++14";
				CLANG_CXX_LIBRARY = "libc++";
				CLANG_ENABLE_MODULES = YES;
				CLANG_ENABLE_OBJC_ARC = YES;
				CLANG_ENABLE_OBJC_WEAK = YES;
				CLANG_WARN_BLOCK_CAPTURE_AUTORELEASING = YES;
				CLANG_WARN_BOOL_CONVERSION = YES;
				CLANG_WARN_COMMA = YES;
				CLANG_WARN_CONSTANT_CONVERSION = YES;
				CLANG_WARN_DEPRECATED_OBJC_IMPLEMENTATIONS = YES;
				CLANG_WARN_DIRECT_OBJC_ISA_USAGE = YES_ERROR;
				CLANG_WARN_DOCUMENTATION_COMMENTS = YES;
				CLANG_WARN_EMPTY_BODY = YES;
				CLANG_WARN_ENUM_CONVERSION = YES;
				CLANG_WARN_INFINITE_RECURSION = YES;
				CLANG_WARN_INT_CONVERSION = YES;
				CLANG_WARN_NON_LITERAL_NULL_CONVERSION = YES;
				CLANG_WARN_OBJC_IMPLICIT_RETAIN_SELF = YES;
				CLANG_WARN_OBJC_LITERAL_CONVERSION = YES;
				CLANG_WARN_OBJC_ROOT_CLASS = YES_ERROR;
				CLANG_WARN_RANGE_LOOP_ANALYSIS = YES;
				CLANG_WARN_STRICT_PROTOTYPES = YES;
				CLANG_WARN_SUSPICIOUS_MOVE = YES;
				CLANG_WARN_UNGUARDED_AVAILABILITY = YES_AGGRESSIVE;
				CLANG_WARN_UNREACHABLE_CODE = YES;
				CLANG_WARN__DUPLICATE_METHOD_MATCH = YES;
				CODE_SIGN_IDENTITY = "iPhone Developer";
				COPY_PHASE_STRIP = NO;
				DEBUG_INFORMATION_FORMAT = "dwarf-with-dsym";
				ENABLE_NS_ASSERTIONS = NO;
				ENABLE_STRICT_OBJC_MSGSEND = YES;
				GCC_C_LANGUAGE_STANDARD = gnu11;
				GCC_NO_COMMON_BLOCKS = YES;
				GCC_WARN_64_TO_32_BIT_CONVERSION = YES;
				GCC_WARN_ABOUT_RETURN_TYPE = YES_ERROR;
				GCC_WARN_UNDECLARED_SELECTOR = YES;
				GCC_WARN_UNINITIALIZED_AUTOS = YES_AGGRESSIVE;
				GCC_WARN_UNUSED_FUNCTION = YES;
				GCC_WARN_UNUSED_VARIABLE = YES;
				IPHONEOS_DEPLOYMENT_TARGET = 12.2;
				MTL_ENABLE_DEBUG_INFO = NO;
				MTL_FAST_MATH = YES;
				SDKROOT = iphoneos;
				SWIFT_COMPILATION_MODE = wholemodule;
				SWIFT_OPTIMIZATION_LEVEL = "-O";
				VALIDATE_PRODUCT = YES;
			};
			name = Release;
		};
		7CB629BA2335065900C64618 /* Debug */ = {
			isa = XCBuildConfiguration;
			baseConfigurationReference = A1F211BA4756641479D10FB0 /* Pods-NewsKit-iOS-App.debug.xcconfig */;
			buildSettings = {
				ASSETCATALOG_COMPILER_APPICON_NAME = AppIcon;
				CODE_SIGN_STYLE = Automatic;
				DEVELOPMENT_TEAM = F62X9247PK;
				INFOPLIST_FILE = "$(SRCROOT)/Source/Supporting Files/Info.plist";
				LD_RUNPATH_SEARCH_PATHS = (
					"$(inherited)",
					"@executable_path/Frameworks",
				);
				PRODUCT_BUNDLE_IDENTIFIER = "com.tyzhai.NewsKit-iOS-App";
				PRODUCT_NAME = "$(TARGET_NAME)";
				SWIFT_VERSION = 5.0;
				TARGETED_DEVICE_FAMILY = "1,2";
			};
			name = Debug;
		};
		7CB629BB2335065900C64618 /* Release */ = {
			isa = XCBuildConfiguration;
			baseConfigurationReference = 1485F1A53075B9072D5B568A /* Pods-NewsKit-iOS-App.release.xcconfig */;
			buildSettings = {
				ASSETCATALOG_COMPILER_APPICON_NAME = AppIcon;
				CODE_SIGN_STYLE = Automatic;
				DEVELOPMENT_TEAM = F62X9247PK;
				INFOPLIST_FILE = "$(SRCROOT)/Source/Supporting Files/Info.plist";
				LD_RUNPATH_SEARCH_PATHS = (
					"$(inherited)",
					"@executable_path/Frameworks",
				);
				PRODUCT_BUNDLE_IDENTIFIER = "com.tyzhai.NewsKit-iOS-App";
				PRODUCT_NAME = "$(TARGET_NAME)";
				SWIFT_VERSION = 5.0;
				TARGETED_DEVICE_FAMILY = "1,2";
			};
			name = Release;
		};
/* End XCBuildConfiguration section */

/* Begin XCConfigurationList section */
		7CB629A22335065700C64618 /* Build configuration list for PBXProject "NewsKit-iOS-App" */ = {
			isa = XCConfigurationList;
			buildConfigurations = (
				7CB629B72335065900C64618 /* Debug */,
				7CB629B82335065900C64618 /* Release */,
			);
			defaultConfigurationIsVisible = 0;
			defaultConfigurationName = Release;
		};
		7CB629B92335065900C64618 /* Build configuration list for PBXNativeTarget "NewsKit-iOS-App" */ = {
			isa = XCConfigurationList;
			buildConfigurations = (
				7CB629BA2335065900C64618 /* Debug */,
				7CB629BB2335065900C64618 /* Release */,
			);
			defaultConfigurationIsVisible = 0;
			defaultConfigurationName = Release;
		};
/* End XCConfigurationList section */
	};
	rootObject = 7CB6299F2335065700C64618 /* Project object */;
}
